
Microsoft Visual Studio Solution File, Format Version 12.00
# Visual Studio Version 16
VisualStudioVersion = 16.0.29102.190
MinimumVisualStudioVersion = 10.0.40219.1
Project("{8BC9CEB8-8B4A-11D0-8D11-00A0C91BC942}") = "ordon123", "ordon123.vcxproj", "{2409BC9C-7F20-4B42-BA75-B5FB0E46BAF4}"
EndProject
Global
	GlobalSection(SolutionConfigurationPlatforms) = preSolution
		Debug|x64 = Debug|x64
		Debug|x86 = Debug|x86
		Release|x64 = Release|x64
		Release|x86 = Release|x86
	EndGlobalSection
	GlobalSection(ProjectConfigurationPlatforms) = postSolution
		{2409BC9C-7F20-4B42-BA75-B5FB0E46BAF4}.Debug|x64.ActiveCfg = Debug|x64
		{2409BC9C-7F20-4B42-BA75-B5FB0E46BAF4}.Debug|x64.Build.0 = Debug|x64
		{2409BC9C-7F20-4B42-BA75-B5FB0E46BAF4}.Debug|x86.ActiveCfg = Debug|Win32
		{2409BC9C-7F20-4B42-BA75-B5FB0E46BAF4}.Debug|x86.Build.0 = Debug|Win32
		{2409BC9C-7F20-4B42-BA75-B5FB0E46BAF4}.Release|x64.ActiveCfg = Release|x64
		{2409BC9C-7F20-4B42-BA75-B5FB0E46BAF4}.Release|x64.Build.0 = Release|x64
		{2409BC9C-7F20-4B42-BA75-B5FB0E46BAF4}.Release|x86.ActiveCfg = Release|Win32
		{2409BC9C-7F20-4B42-BA75-B5FB0E46BAF4}.Release|x86.Build.0 = Release|Win32
	EndGlobalSection
	GlobalSection(SolutionProperties) = preSolution
		HideSolutionNode = FALSE
	EndGlobalSection
	GlobalSection(ExtensibilityGlobals) = postSolution
		SolutionGuid = {43532965-59EB-47FE-9478-DBF8C4410DC8}
	EndGlobalSection
EndGlobal
